// !$*UTF8*$!
{
	archiveVersion = 1;
	classes = {
	};
	objectVersion = 50;
	objects = {

/* Begin PBXBuildFile section */
		876D900F2613342F00997DD4 /* ColorView.swift in Sources */ = {isa = PBXBuildFile; fileRef = 876D900E2613342F00997DD4 /* ColorView.swift */; };
		876D9012261334C600997DD4 /* ColorSlider.swift in Sources */ = {isa = PBXBuildFile; fileRef = 876D9011261334C600997DD4 /* ColorSlider.swift */; };
		87A51293260CF28500C1FCF8 /* AppDelegate.swift in Sources */ = {isa = PBXBuildFile; fileRef = 87A51292260CF28500C1FCF8 /* AppDelegate.swift */; };
		87A51295260CF28500C1FCF8 /* SceneDelegate.swift in Sources */ = {isa = PBXBuildFile; fileRef = 87A51294260CF28500C1FCF8 /* SceneDelegate.swift */; };
		87A51297260CF28500C1FCF8 /* ContentView.swift in Sources */ = {isa = PBXBuildFile; fileRef = 87A51296260CF28500C1FCF8 /* ContentView.swift */; };
		87A51299260CF28600C1FCF8 /* Assets.xcassets in Resources */ = {isa = PBXBuildFile; fileRef = 87A51298260CF28600C1FCF8 /* Assets.xcassets */; };
		87A5129C260CF28600C1FCF8 /* Preview Assets.xcassets in Resources */ = {isa = PBXBuildFile; fileRef = 87A5129B260CF28600C1FCF8 /* Preview Assets.xcassets */; };
		87A5129F260CF28600C1FCF8 /* LaunchScreen.storyboard in Resources */ = {isa = PBXBuildFile; fileRef = 87A5129D260CF28600C1FCF8 /* LaunchScreen.storyboard */; };
/* End PBXBuildFile section */

/* Begin PBXFileReference section */
		876D900E2613342F00997DD4 /* ColorView.swift */ = {isa = PBXFileReference; lastKnownFileType = sourcecode.swift; path = ColorView.swift; sourceTree = "<group>"; };
		876D9011261334C600997DD4 /* ColorSlider.swift */ = {isa = PBXFileReference; lastKnownFileType = sourcecode.swift; path = ColorSlider.swift; sourceTree = "<group>"; };
		87A5128F260CF28500C1FCF8 /* SwiftUICourse.app */ = {isa = PBXFileReference; explicitFileType = wrapper.application; includeInIndex = 0; path = SwiftUICourse.app; sourceTree = BUILT_PRODUCTS_DIR; };
		87A51292260CF28500C1FCF8 /* AppDelegate.swift */ = {isa = PBXFileReference; lastKnownFileType = sourcecode.swift; path = AppDelegate.swift; sourceTree = "<group>"; };
		87A51294260CF28500C1FCF8 /* SceneDelegate.swift */ = {isa = PBXFileReference; lastKnownFileType = sourcecode.swift; path = SceneDelegate.swift; sourceTree = "<group>"; };
		87A51296260CF28500C1FCF8 /* ContentView.swift */ = {isa = PBXFileReference; lastKnownFileType = sourcecode.swift; path = ContentView.swift; sourceTree = "<group>"; };
		87A51298260CF28600C1FCF8 /* Assets.xcassets */ = {isa = PBXFileReference; lastKnownFileType = folder.assetcatalog; path = Assets.xcassets; sourceTree = "<group>"; };
		87A5129B260CF28600C1FCF8 /* Preview Assets.xcassets */ = {isa = PBXFileReference; lastKnownFileType = folder.assetcatalog; path = "Preview Assets.xcassets"; sourceTree = "<group>"; };
		87A5129E260CF28600C1FCF8 /* Base */ = {isa = PBXFileReference; lastKnownFileType = file.storyboard; name = Base; path = Base.lproj/LaunchScreen.storyboard; sourceTree = "<group>"; };
		87A512A0260CF28600C1FCF8 /* Info.plist */ = {isa = PBXFileReference; lastKnownFileType = text.plist.xml; path = Info.plist; sourceTree = "<group>"; };
/* End PBXFileReference section */

/* Begin PBXFrameworksBuildPhase section */
		87A5128C260CF28500C1FCF8 /* Frameworks */ = {
			isa = PBXFrameworksBuildPhase;
			buildActionMask = 2147483647;
			files = (
			);
			runOnlyForDeploymentPostprocessing = 0;
		};
/* End PBXFrameworksBuildPhase section */

/* Begin PBXGroup section */
		87A51286260CF28500C1FCF8 = {
			isa = PBXGroup;
			children = (
				87A51291260CF28500C1FCF8 /* SwiftUICourse */,
				87A51290260CF28500C1FCF8 /* Products */,
			);
			sourceTree = "<group>";
		};
		87A51290260CF28500C1FCF8 /* Products */ = {
			isa = PBXGroup;
			children = (
				87A5128F260CF28500C1FCF8 /* SwiftUICourse.app */,
			);
			name = Products;
			sourceTree = "<group>";
		};
		87A51291260CF28500C1FCF8 /* SwiftUICourse */ = {
			isa = PBXGroup;
			children = (
				87A51292260CF28500C1FCF8 /* AppDelegate.swift */,
				87A51294260CF28500C1FCF8 /* SceneDelegate.swift */,
				87A51296260CF28500C1FCF8 /* ContentView.swift */,
				876D900E2613342F00997DD4 /* ColorView.swift */,
				876D9011261334C600997DD4 /* ColorSlider.swift */,
				87A51298260CF28600C1FCF8 /* Assets.xcassets */,
				87A5129D260CF28600C1FCF8 /* LaunchScreen.storyboard */,
				87A512A0260CF28600C1FCF8 /* Info.plist */,
				87A5129A260CF28600C1FCF8 /* Preview Content */,
			);
			path = SwiftUICourse;
			sourceTree = "<group>";
		};
		87A5129A260CF28600C1FCF8 /* Preview Content */ = {
			isa = PBXGroup;
			children = (
				87A5129B260CF28600C1FCF8 /* Preview Assets.xcassets */,
			);
			path = "Preview Content";
			sourceTree = "<group>";
		};
/* End PBXGroup section */

/* Begin PBXNativeTarget section */
		87A5128E260CF28500C1FCF8 /* SwiftUICourse */ = {
			isa = PBXNativeTarget;
			buildConfigurationList = 87A512A3260CF28600C1FCF8 /* Build configuration list for PBXNativeTarget "SwiftUICourse" */;
			buildPhases = (
				87A5128B260CF28500C1FCF8 /* Sources */,
				87A5128C260CF28500C1FCF8 /* Frameworks */,
				87A5128D260CF28500C1FCF8 /* Resources */,
			);
			buildRules = (
			);
			dependencies = (
			);
			name = SwiftUICourse;
			productName = SwiftUICourse;
			productReference = 87A5128F260CF28500C1FCF8 /* SwiftUICourse.app */;
			productType = "com.apple.product-type.application";
		};
/* End PBXNativeTarget section */

/* Begin PBXProject section */
		87A51287260CF28500C1FCF8 /* Project object */ = {
			isa = PBXProject;
			attributes = {
				LastSwiftUpdateCheck = 1240;
				LastUpgradeCheck = 1240;
				TargetAttributes = {
					87A5128E260CF28500C1FCF8 = {
						CreatedOnToolsVersion = 12.4;
					};
				};
			};
			buildConfigurationList = 87A5128A260CF28500C1FCF8 /* Build configuration list for PBXProject "SwiftUICourse" */;
			compatibilityVersion = "Xcode 9.3";
			developmentRegion = en;
			hasScannedForEncodings = 0;
			knownRegions = (
				en,
				Base,
			);
			mainGroup = 87A51286260CF28500C1FCF8;
			productRefGroup = 87A51290260CF28500C1FCF8 /* Products */;
			projectDirPath = "";
			projectRoot = "";
			targets = (
				87A5128E260CF28500C1FCF8 /* SwiftUICourse */,
			);
		};
/* End PBXProject section */

/* Begin PBXResourcesBuildPhase section */
		87A5128D260CF28500C1FCF8 /* Resources */ = {
			isa = PBXResourcesBuildPhase;
			buildActionMask = 2147483647;
			files = (
				87A5129F260CF28600C1FCF8 /* LaunchScreen.storyboard in Resources */,
				87A5129C260CF28600C1FCF8 /* Preview Assets.xcassets in Resources */,
				87A51299260CF28600C1FCF8 /* Assets.xcassets in Resources */,
			);
			runOnlyForDeploymentPostprocessing = 0;
		};
/* End PBXResourcesBuildPhase section */

/* Begin PBXSourcesBuildPhase section */
		87A5128B260CF28500C1FCF8 /* Sources */ = {
			isa = PBXSourcesBuildPhase;
			buildActionMask = 2147483647;
			files = (
				876D900F2613342F00997DD4 /* ColorView.swift in Sources */,
				876D9012261334C600997DD4 /* ColorSlider.swift in Sources */,
				87A51293260CF28500C1FCF8 /* AppDelegate.swift in Sources */,
				87A51295260CF28500C1FCF8 /* SceneDelegate.swift in Sources */,
				87A51297260CF28500C1FCF8 /* ContentView.swift in Sources */,
			);
			runOnlyForDeploymentPostprocessing = 0;
		};
/* End PBXSourcesBuildPhase section */

/* Begin PBXVariantGroup section */
		87A5129D260CF28600C1FCF8 /* LaunchScreen.storyboard */ = {
			isa = PBXVariantGroup;
			children = (
				87A5129E260CF28600C1FCF8 /* Base */,
			);
			name = LaunchScreen.storyboard;
			sourceTree = "<group>";
		};
/* End PBXVariantGroup section */

/* Begin XCBuildConfiguration section */
		87A512A1260CF28600C1FCF8 /* Debug */ = {
			isa = XCBuildConfiguration;
			buildSettings = {
				ALWAYS_SEARCH_USER_PATHS = NO;
				CLANG_ANALYZER_NONNULL = YES;
				CLANG_ANALYZER_NUMBER_OBJECT_CONVERSION = YES_AGGRESSIVE;
				CLANG_CXX_LANGUAGE_STANDARD = "gnu++14";
				CLANG_CXX_LIBRARY = "libc++";
				CLANG_ENABLE_MODULES = YES;
				CLANG_ENABLE_OBJC_ARC = YES;
				CLANG_ENABLE_OBJC_WEAK = YES;
				CLANG_WARN_BLOCK_CAPTURE_AUTORELEASING = YES;
				CLANG_WARN_BOOL_CONVERSION = YES;
				CLANG_WARN_COMMA = YES;
				CLANG_WARN_CONSTANT_CONVERSION = YES;
				CLANG_WARN_DEPRECATED_OBJC_IMPLEMENTATIONS = YES;
				CLANG_WARN_DIRECT_OBJC_ISA_USAGE = YES_ERROR;
				CLANG_WARN_DOCUMENTATION_COMMENTS = YES;
				CLANG_WARN_EMPTY_BODY = YES;
				CLANG_WARN_ENUM_CONVERSION = YES;
				CLANG_WARN_INFINITE_RECURSION = YES;
				CLANG_WARN_INT_CONVERSION = YES;
				CLANG_WARN_NON_LITERAL_NULL_CONVERSION = YES;
				CLANG_WARN_OBJC_IMPLICIT_RETAIN_SELF = YES;
				CLANG_WARN_OBJC_LITERAL_CONVERSION = YES;
				CLANG_WARN_OBJC_ROOT_CLASS = YES_ERROR;
				CLANG_WARN_QUOTED_INCLUDE_IN_FRAMEWORK_HEADER = YES;
				CLANG_WARN_RANGE_LOOP_ANALYSIS = YES;
				CLANG_WARN_STRICT_PROTOTYPES = YES;
				CLANG_WARN_SUSPICIOUS_MOVE = YES;
				CLANG_WARN_UNGUARDED_AVAILABILITY = YES_AGGRESSIVE;
				CLANG_WARN_UNREACHABLE_CODE = YES;
				CLANG_WARN__DUPLICATE_METHOD_MATCH = YES;
				COPY_PHASE_STRIP = NO;
				DEBUG_INFORMATION_FORMAT = dwarf;
				ENABLE_STRICT_OBJC_MSGSEND = YES;
				ENABLE_TESTABILITY = YES;
				GCC_C_LANGUAGE_STANDARD = gnu11;
				GCC_DYNAMIC_NO_PIC = NO;
				GCC_NO_COMMON_BLOCKS = YES;
				GCC_OPTIMIZATION_LEVEL = 0;
				GCC_PREPROCESSOR_DEFINITIONS = (
					"DEBUG=1",
					"$(inherited)",
				);
				GCC_WARN_64_TO_32_BIT_CONVERSION = YES;
				GCC_WARN_ABOUT_RETURN_TYPE = YES_ERROR;
				GCC_WARN_UNDECLARED_SELECTOR = YES;
				GCC_WARN_UNINITIALIZED_AUTOS = YES_AGGRESSIVE;
				GCC_WARN_UNUSED_FUNCTION = YES;
				GCC_WARN_UNUSED_VARIABLE = YES;
				IPHONEOS_DEPLOYMENT_TARGET = 14.4;
				MTL_ENABLE_DEBUG_INFO = INCLUDE_SOURCE;
				MTL_FAST_MATH = YES;
				ONLY_ACTIVE_ARCH = YES;
				SDKROOT = iphoneos;
				SWIFT_ACTIVE_COMPILATION_CONDITIONS = DEBUG;
				SWIFT_OPTIMIZATION_LEVEL = "-Onone";
			};
			name = Debug;
		};
		87A512A2260CF28600C1FCF8 /* Release */ = {
			isa = XCBuildConfiguration;
			buildSettings = {
				ALWAYS_SEARCH_USER_PATHS = NO;
				CLANG_ANALYZER_NONNULL = YES;
				CLANG_ANALYZER_NUMBER_OBJECT_CONVERSION = YES_AGGRESSIVE;
				CLANG_CXX_LANGUAGE_STANDARD = "gnu++14";
				CLANG_CXX_LIBRARY = "libc++";
				CLANG_ENABLE_MODULES = YES;
				CLANG_ENABLE_OBJC_ARC = YES;
				CLANG_ENABLE_OBJC_WEAK = YES;
				CLANG_WARN_BLOCK_CAPTURE_AUTORELEASING = YES;
				CLANG_WARN_BOOL_CONVERSION = YES;
				CLANG_WARN_COMMA = YES;
				CLANG_WARN_CONSTANT_CONVERSION = YES;
				CLANG_WARN_DEPRECATED_OBJC_IMPLEMENTATIONS = YES;
				CLANG_WARN_DIRECT_OBJC_ISA_USAGE = YES_ERROR;
				CLANG_WARN_DOCUMENTATION_COMMENTS = YES;
				CLANG_WARN_EMPTY_BODY = YES;
				CLANG_WARN_ENUM_CONVERSION = YES;
				CLANG_WARN_INFINITE_RECURSION = YES;
				CLANG_WARN_INT_CONVERSION = YES;
				CLANG_WARN_NON_LITERAL_NULL_CONVERSION = YES;
				CLANG_WARN_OBJC_IMPLICIT_RETAIN_SELF = YES;
				CLANG_WARN_OBJC_LITERAL_CONVERSION = YES;
				CLANG_WARN_OBJC_ROOT_CLASS = YES_ERROR;
				CLANG_WARN_QUOTED_INCLUDE_IN_FRAMEWORK_HEADER = YES;
				CLANG_WARN_RANGE_LOOP_ANALYSIS = YES;
				CLANG_WARN_STRICT_PROTOTYPES = YES;
				CLANG_WARN_SUSPICIOUS_MOVE = YES;
				CLANG_WARN_UNGUARDED_AVAILABILITY = YES_AGGRESSIVE;
				CLANG_WARN_UNREACHABLE_CODE = YES;
				CLANG_WARN__DUPLICATE_METHOD_MATCH = YES;
				COPY_PHASE_STRIP = NO;
				DEBUG_INFORMATION_FORMAT = "dwarf-with-dsym";
				ENABLE_NS_ASSERTIONS = NO;
				ENABLE_STRICT_OBJC_MSGSEND = YES;
				GCC_C_LANGUAGE_STANDARD = gnu11;
				GCC_NO_COMMON_BLOCKS = YES;
				GCC_WARN_64_TO_32_BIT_CONVERSION = YES;
				GCC_WARN_ABOUT_RETURN_TYPE = YES_ERROR;
				GCC_WARN_UNDECLARED_SELECTOR = YES;
				GCC_WARN_UNINITIALIZED_AUTOS = YES_AGGRESSIVE;
				GCC_WARN_UNUSED_FUNCTION = YES;
				GCC_WARN_UNUSED_VARIABLE = YES;
				IPHONEOS_DEPLOYMENT_TARGET = 14.4;
				MTL_ENABLE_DEBUG_INFO = NO;
				MTL_FAST_MATH = YES;
				SDKROOT = iphoneos;
				SWIFT_COMPILATION_MODE = wholemodule;
				SWIFT_OPTIMIZATION_LEVEL = "-O";
				VALIDATE_PRODUCT = YES;
			};
			name = Release;
		};
		87A512A4260CF28600C1FCF8 /* Debug */ = {
			isa = XCBuildConfiguration;
			buildSettings = {
				ASSETCATALOG_COMPILER_APPICON_NAME = AppIcon;
				ASSETCATALOG_COMPILER_GLOBAL_ACCENT_COLOR_NAME = AccentColor;
				CODE_SIGN_STYLE = Automatic;
				DEVELOPMENT_ASSET_PATHS = "\"SwiftUICourse/Preview Content\"";
				DEVELOPMENT_TEAM = 52GW5Z83V4;
				ENABLE_PREVIEWS = YES;
				INFOPLIST_FILE = SwiftUICourse/Info.plist;
				LD_RUNPATH_SEARCH_PATHS = (
					"$(inherited)",
					"@executable_path/Frameworks",
				);
				PRODUCT_BUNDLE_IDENTIFIER = com.infuturehub.SwiftUICourse;
				PRODUCT_NAME = "$(TARGET_NAME)";
				SWIFT_VERSION = 5.0;
				TARGETED_DEVICE_FAMILY = "1,2";
			};
			name = Debug;
		};
		87A512A5260CF28600C1FCF8 /* Release */ = {
			isa = XCBuildConfiguration;
			buildSettings = {
				ASSETCATALOG_COMPILER_APPICON_NAME = AppIcon;
				ASSETCATALOG_COMPILER_GLOBAL_ACCENT_COLOR_NAME = AccentColor;
				CODE_SIGN_STYLE = Automatic;
				DEVELOPMENT_ASSET_PATHS = "\"SwiftUICourse/Preview Content\"";
				DEVELOPMENT_TEAM = 52GW5Z83V4;
				ENABLE_PREVIEWS = YES;
				INFOPLIST_FILE = SwiftUICourse/Info.plist;
				LD_RUNPATH_SEARCH_PATHS = (
					"$(inherited)",
					"@executable_path/Frameworks",
				);
				PRODUCT_BUNDLE_IDENTIFIER = com.infuturehub.SwiftUICourse;
				PRODUCT_NAME = "$(TARGET_NAME)";
				SWIFT_VERSION = 5.0;
				TARGETED_DEVICE_FAMILY = "1,2";
			};
			name = Release;
		};
/* End XCBuildConfiguration section */

/* Begin XCConfigurationList section */
		87A5128A260CF28500C1FCF8 /* Build configuration list for PBXProject "SwiftUICourse" */ = {
			isa = XCConfigurationList;
			buildConfigurations = (
				87A512A1260CF28600C1FCF8 /* Debug */,
				87A512A2260CF28600C1FCF8 /* Release */,
			);
			defaultConfigurationIsVisible = 0;
			defaultConfigurationName = Release;
		};
		87A512A3260CF28600C1FCF8 /* Build configuration list for PBXNativeTarget "SwiftUICourse" */ = {
			isa = XCConfigurationList;
			buildConfigurations = (
				87A512A4260CF28600C1FCF8 /* Debug */,
				87A512A5260CF28600C1FCF8 /* Release */,
			);
			defaultConfigurationIsVisible = 0;
			defaultConfigurationName = Release;
		};
/* End XCConfigurationList section */
	};
	rootObject = 87A51287260CF28500C1FCF8 /* Project object */;
}
